
Microsoft Visual Studio Solution File, Format Version 12.00
# Visual Studio Version 16
VisualStudioVersion = 16.0.30804.86
MinimumVisualStudioVersion = 10.0.40219.1
Project("{FAE04EC0-301F-11D3-BF4B-00C04F79EFBC}") = "AppointmentSchedulling", "AppointmentSchedulling\AppointmentSchedulling.csproj", "{2355BD84-6445-4AD7-87C1-71476E32A666}"
EndProject
Global
	GlobalSection(SolutionConfigurationPlatforms) = preSolution
		Debug|Any CPU = Debug|Any CPU
		Release|Any CPU = Release|Any CPU
	EndGlobalSection
	GlobalSection(ProjectConfigurationPlatforms) = postSolution
		{2355BD84-6445-4AD7-87C1-71476E32A666}.Debug|Any CPU.ActiveCfg = Debug|Any CPU
		{2355BD84-6445-4AD7-87C1-71476E32A666}.Debug|Any CPU.Build.0 = Debug|Any CPU
		{2355BD84-6445-4AD7-87C1-71476E32A666}.Release|Any CPU.ActiveCfg = Release|Any CPU
		{2355BD84-6445-4AD7-87C1-71476E32A666}.Release|Any CPU.Build.0 = Release|Any CPU
	EndGlobalSection
	GlobalSection(SolutionProperties) = preSolution
		HideSolutionNode = FALSE
	EndGlobalSection
	GlobalSection(ExtensibilityGlobals) = postSolution
		SolutionGuid = {860CE9BE-2198-49D5-B02E-7E7F638D74F7}
	EndGlobalSection
EndGlobal
